// !$*UTF8*$!
{
	archiveVersion = 1;
	classes = {
	};
	objectVersion = 77;
	objects = {

/* Begin PBXContainerItemProxy section */
		021272EF2E709C0D003A6B2F /* PBXContainerItemProxy */ = {
			isa = PBXContainerItemProxy;
			containerPortal = 021272D72E709C0D003A6B2F /* Project object */;
			proxyType = 1;
			remoteGlobalIDString = 021272DE2E709C0D003A6B2F;
			remoteInfo = "meal-planner-ios";
		};
		021272F92E709C0D003A6B2F /* PBXContainerItemProxy */ = {
			isa = PBXContainerItemProxy;
			containerPortal = 021272D72E709C0D003A6B2F /* Project object */;
			proxyType = 1;
			remoteGlobalIDString = 021272DE2E709C0D003A6B2F;
			remoteInfo = "meal-planner-ios";
		};
/* End PBXContainerItemProxy section */

/* Begin PBXFileReference section */
		021272DF2E709C0D003A6B2F /* meal-planner-ios.app */ = {isa = PBXFileReference; explicitFileType = wrapper.application; includeInIndex = 0; path = "meal-planner-ios.app"; sourceTree = BUILT_PRODUCTS_DIR; };
		021272EE2E709C0D003A6B2F /* meal-planner-iosTests.xctest */ = {isa = PBXFileReference; explicitFileType = wrapper.cfbundle; includeInIndex = 0; path = "meal-planner-iosTests.xctest"; sourceTree = BUILT_PRODUCTS_DIR; };
		021272F82E709C0D003A6B2F /* meal-planner-iosUITests.xctest */ = {isa = PBXFileReference; explicitFileType = wrapper.cfbundle; includeInIndex = 0; path = "meal-planner-iosUITests.xctest"; sourceTree = BUILT_PRODUCTS_DIR; };
/* End PBXFileReference section */

/* Begin PBXFileSystemSynchronizedRootGroup section */
		021272E12E709C0D003A6B2F /* meal-planner-ios */ = {
			isa = PBXFileSystemSynchronizedRootGroup;
			path = "meal-planner-ios";
			sourceTree = "<group>";
		};
		021272F12E709C0D003A6B2F /* meal-planner-iosTests */ = {
			isa = PBXFileSystemSynchronizedRootGroup;
			path = "meal-planner-iosTests";
			sourceTree = "<group>";
		};
		021272FB2E709C0D003A6B2F /* meal-planner-iosUITests */ = {
			isa = PBXFileSystemSynchronizedRootGroup;
			path = "meal-planner-iosUITests";
			sourceTree = "<group>";
		};
/* End PBXFileSystemSynchronizedRootGroup section */

/* Begin PBXFrameworksBuildPhase section */
		021272DC2E709C0D003A6B2F /* Frameworks */ = {
			isa = PBXFrameworksBuildPhase;
			buildActionMask = 2147483647;
			files = (
			);
			runOnlyForDeploymentPostprocessing = 0;
		};
		021272EB2E709C0D003A6B2F /* Frameworks */ = {
			isa = PBXFrameworksBuildPhase;
			buildActionMask = 2147483647;
			files = (
			);
			runOnlyForDeploymentPostprocessing = 0;
		};
		021272F52E709C0D003A6B2F /* Frameworks */ = {
			isa = PBXFrameworksBuildPhase;
			buildActionMask = 2147483647;
			files = (
			);
			runOnlyForDeploymentPostprocessing = 0;
		};
/* End PBXFrameworksBuildPhase section */

/* Begin PBXGroup section */
		021272D62E709C0D003A6B2F = {
			isa = PBXGroup;
			children = (
				021272E12E709C0D003A6B2F /* meal-planner-ios */,
				021272F12E709C0D003A6B2F /* meal-planner-iosTests */,
				021272FB2E709C0D003A6B2F /* meal-planner-iosUITests */,
				021272E02E709C0D003A6B2F /* Products */,
			);
			sourceTree = "<group>";
		};
		021272E02E709C0D003A6B2F /* Products */ = {
			isa = PBXGroup;
			children = (
				021272DF2E709C0D003A6B2F /* meal-planner-ios.app */,
				021272EE2E709C0D003A6B2F /* meal-planner-iosTests.xctest */,
				021272F82E709C0D003A6B2F /* meal-planner-iosUITests.xctest */,
			);
			name = Products;
			sourceTree = "<group>";
		};
/* End PBXGroup section */

/* Begin PBXNativeTarget section */
		021272DE2E709C0D003A6B2F /* meal-planner-ios */ = {
			isa = PBXNativeTarget;
			buildConfigurationList = 021273022E709C0D003A6B2F /* Build configuration list for PBXNativeTarget "meal-planner-ios" */;
			buildPhases = (
				021272DB2E709C0D003A6B2F /* Sources */,
				021272DC2E709C0D003A6B2F /* Frameworks */,
				021272DD2E709C0D003A6B2F /* Resources */,
			);
			buildRules = (
			);
			dependencies = (
			);
			fileSystemSynchronizedGroups = (
				021272E12E709C0D003A6B2F /* meal-planner-ios */,
			);
			name = "meal-planner-ios";
			packageProductDependencies = (
			);
			productName = "meal-planner-ios";
			productReference = 021272DF2E709C0D003A6B2F /* meal-planner-ios.app */;
			productType = "com.apple.product-type.application";
		};
		021272ED2E709C0D003A6B2F /* meal-planner-iosTests */ = {
			isa = PBXNativeTarget;
			buildConfigurationList = 021273052E709C0D003A6B2F /* Build configuration list for PBXNativeTarget "meal-planner-iosTests" */;
			buildPhases = (
				021272EA2E709C0D003A6B2F /* Sources */,
				021272EB2E709C0D003A6B2F /* Frameworks */,
				021272EC2E709C0D003A6B2F /* Resources */,
			);
			buildRules = (
			);
			dependencies = (
				021272F02E709C0D003A6B2F /* PBXTargetDependency */,
			);
			fileSystemSynchronizedGroups = (
				021272F12E709C0D003A6B2F /* meal-planner-iosTests */,
			);
			name = "meal-planner-iosTests";
			packageProductDependencies = (
			);
			productName = "meal-planner-iosTests";
			productReference = 021272EE2E709C0D003A6B2F /* meal-planner-iosTests.xctest */;
			productType = "com.apple.product-type.bundle.unit-test";
		};
		021272F72E709C0D003A6B2F /* meal-planner-iosUITests */ = {
			isa = PBXNativeTarget;
			buildConfigurationList = 021273082E709C0D003A6B2F /* Build configuration list for PBXNativeTarget "meal-planner-iosUITests" */;
			buildPhases = (
				021272F42E709C0D003A6B2F /* Sources */,
				021272F52E709C0D003A6B2F /* Frameworks */,
				021272F62E709C0D003A6B2F /* Resources */,
			);
			buildRules = (
			);
			dependencies = (
				021272FA2E709C0D003A6B2F /* PBXTargetDependency */,
			);
			fileSystemSynchronizedGroups = (
				021272FB2E709C0D003A6B2F /* meal-planner-iosUITests */,
			);
			name = "meal-planner-iosUITests";
			packageProductDependencies = (
			);
			productName = "meal-planner-iosUITests";
			productReference = 021272F82E709C0D003A6B2F /* meal-planner-iosUITests.xctest */;
			productType = "com.apple.product-type.bundle.ui-testing";
		};
/* End PBXNativeTarget section */

/* Begin PBXProject section */
		021272D72E709C0D003A6B2F /* Project object */ = {
			isa = PBXProject;
			attributes = {
				BuildIndependentTargetsInParallel = 1;
				LastSwiftUpdateCheck = 1640;
				LastUpgradeCheck = 1640;
				TargetAttributes = {
					021272DE2E709C0D003A6B2F = {
						CreatedOnToolsVersion = 16.4;
					};
					021272ED2E709C0D003A6B2F = {
						CreatedOnToolsVersion = 16.4;
						TestTargetID = 021272DE2E709C0D003A6B2F;
					};
					021272F72E709C0D003A6B2F = {
						CreatedOnToolsVersion = 16.4;
						TestTargetID = 021272DE2E709C0D003A6B2F;
					};
				};
			};
			buildConfigurationList = 021272DA2E709C0D003A6B2F /* Build configuration list for PBXProject "meal-planner-ios" */;
			developmentRegion = en;
			hasScannedForEncodings = 0;
			knownRegions = (
				en,
				Base,
			);
			mainGroup = 021272D62E709C0D003A6B2F;
			minimizedProjectReferenceProxies = 1;
			preferredProjectObjectVersion = 77;
			productRefGroup = 021272E02E709C0D003A6B2F /* Products */;
			projectDirPath = "";
			projectRoot = "";
			targets = (
				021272DE2E709C0D003A6B2F /* meal-planner-ios */,
				021272ED2E709C0D003A6B2F /* meal-planner-iosTests */,
				021272F72E709C0D003A6B2F /* meal-planner-iosUITests */,
			);
		};
/* End PBXProject section */

/* Begin PBXResourcesBuildPhase section */
		021272DD2E709C0D003A6B2F /* Resources */ = {
			isa = PBXResourcesBuildPhase;
			buildActionMask = 2147483647;
			files = (
			);
			runOnlyForDeploymentPostprocessing = 0;
		};
		021272EC2E709C0D003A6B2F /* Resources */ = {
			isa = PBXResourcesBuildPhase;
			buildActionMask = 2147483647;
			files = (
			);
			runOnlyForDeploymentPostprocessing = 0;
		};
		021272F62E709C0D003A6B2F /* Resources */ = {
			isa = PBXResourcesBuildPhase;
			buildActionMask = 2147483647;
			files = (
			);
			runOnlyForDeploymentPostprocessing = 0;
		};
/* End PBXResourcesBuildPhase section */

/* Begin PBXSourcesBuildPhase section */
		021272DB2E709C0D003A6B2F /* Sources */ = {
			isa = PBXSourcesBuildPhase;
			buildActionMask = 2147483647;
			files = (
			);
			runOnlyForDeploymentPostprocessing = 0;
		};
		021272EA2E709C0D003A6B2F /* Sources */ = {
			isa = PBXSourcesBuildPhase;
			buildActionMask = 2147483647;
			files = (
			);
			runOnlyForDeploymentPostprocessing = 0;
		};
		021272F42E709C0D003A6B2F /* Sources */ = {
			isa = PBXSourcesBuildPhase;
			buildActionMask = 2147483647;
			files = (
			);
			runOnlyForDeploymentPostprocessing = 0;
		};
/* End PBXSourcesBuildPhase section */

/* Begin PBXTargetDependency section */
		021272F02E709C0D003A6B2F /* PBXTargetDependency */ = {
			isa = PBXTargetDependency;
			target = 021272DE2E709C0D003A6B2F /* meal-planner-ios */;
			targetProxy = 021272EF2E709C0D003A6B2F /* PBXContainerItemProxy */;
		};
		021272FA2E709C0D003A6B2F /* PBXTargetDependency */ = {
			isa = PBXTargetDependency;
			target = 021272DE2E709C0D003A6B2F /* meal-planner-ios */;
			targetProxy = 021272F92E709C0D003A6B2F /* PBXContainerItemProxy */;
		};
/* End PBXTargetDependency section */

/* Begin XCBuildConfiguration section */
		021273002E709C0D003A6B2F /* Debug */ = {
			isa = XCBuildConfiguration;
			buildSettings = {
				ALWAYS_SEARCH_USER_PATHS = NO;
				ASSETCATALOG_COMPILER_GENERATE_SWIFT_ASSET_SYMBOL_EXTENSIONS = YES;
				CLANG_ANALYZER_NONNULL = YES;
				CLANG_ANALYZER_NUMBER_OBJECT_CONVERSION = YES_AGGRESSIVE;
				CLANG_CXX_LANGUAGE_STANDARD = "gnu++20";
				CLANG_ENABLE_MODULES = YES;
				CLANG_ENABLE_OBJC_ARC = YES;
				CLANG_ENABLE_OBJC_WEAK = YES;
				CLANG_WARN_BLOCK_CAPTURE_AUTORELEASING = YES;
				CLANG_WARN_BOOL_CONVERSION = YES;
				CLANG_WARN_COMMA = YES;
				CLANG_WARN_CONSTANT_CONVERSION = YES;
				CLANG_WARN_DEPRECATED_OBJC_IMPLEMENTATIONS = YES;
				CLANG_WARN_DIRECT_OBJC_ISA_USAGE = YES_ERROR;
				CLANG_WARN_DOCUMENTATION_COMMENTS = YES;
				CLANG_WARN_EMPTY_BODY = YES;
				CLANG_WARN_ENUM_CONVERSION = YES;
				CLANG_WARN_INFINITE_RECURSION = YES;
				CLANG_WARN_INT_CONVERSION = YES;
				CLANG_WARN_NON_LITERAL_NULL_CONVERSION = YES;
				CLANG_WARN_OBJC_IMPLICIT_RETAIN_SELF = YES;
				CLANG_WARN_OBJC_LITERAL_CONVERSION = YES;
				CLANG_WARN_OBJC_ROOT_CLASS = YES_ERROR;
				CLANG_WARN_QUOTED_INCLUDE_IN_FRAMEWORK_HEADER = YES;
				CLANG_WARN_RANGE_LOOP_ANALYSIS = YES;
				CLANG_WARN_STRICT_PROTOTYPES = YES;
				CLANG_WARN_SUSPICIOUS_MOVE = YES;
				CLANG_WARN_UNGUARDED_AVAILABILITY = YES_AGGRESSIVE;
				CLANG_WARN_UNREACHABLE_CODE = YES;
				CLANG_WARN__DUPLICATE_METHOD_MATCH = YES;
				COPY_PHASE_STRIP = NO;
				DEBUG_INFORMATION_FORMAT = dwarf;
				ENABLE_STRICT_OBJC_MSGSEND = YES;
				ENABLE_TESTABILITY = YES;
				ENABLE_USER_SCRIPT_SANDBOXING = YES;
				GCC_C_LANGUAGE_STANDARD = gnu17;
				GCC_DYNAMIC_NO_PIC = NO;
				GCC_NO_COMMON_BLOCKS = YES;
				GCC_OPTIMIZATION_LEVEL = 0;
				GCC_PREPROCESSOR_DEFINITIONS = (
					"DEBUG=1",
					"$(inherited)",
				);
				GCC_WARN_64_TO_32_BIT_CONVERSION = YES;
				GCC_WARN_ABOUT_RETURN_TYPE = YES_ERROR;
				GCC_WARN_UNDECLARED_SELECTOR = YES;
				GCC_WARN_UNINITIALIZED_AUTOS = YES_AGGRESSIVE;
				GCC_WARN_UNUSED_FUNCTION = YES;
				GCC_WARN_UNUSED_VARIABLE = YES;
				IPHONEOS_DEPLOYMENT_TARGET = 18.5;
				LOCALIZATION_PREFERS_STRING_CATALOGS = YES;
				MTL_ENABLE_DEBUG_INFO = INCLUDE_SOURCE;
				MTL_FAST_MATH = YES;
				ONLY_ACTIVE_ARCH = YES;
				SDKROOT = iphoneos;
				SWIFT_ACTIVE_COMPILATION_CONDITIONS = "DEBUG $(inherited)";
				SWIFT_OPTIMIZATION_LEVEL = "-Onone";
			};
			name = Debug;
		};
		021273012E709C0D003A6B2F /* Release */ = {
			isa = XCBuildConfiguration;
			buildSettings = {
				ALWAYS_SEARCH_USER_PATHS = NO;
				ASSETCATALOG_COMPILER_GENERATE_SWIFT_ASSET_SYMBOL_EXTENSIONS = YES;
				CLANG_ANALYZER_NONNULL = YES;
				CLANG_ANALYZER_NUMBER_OBJECT_CONVERSION = YES_AGGRESSIVE;
				CLANG_CXX_LANGUAGE_STANDARD = "gnu++20";
				CLANG_ENABLE_MODULES = YES;
				CLANG_ENABLE_OBJC_ARC = YES;
				CLANG_ENABLE_OBJC_WEAK = YES;
				CLANG_WARN_BLOCK_CAPTURE_AUTORELEASING = YES;
				CLANG_WARN_BOOL_CONVERSION = YES;
				CLANG_WARN_COMMA = YES;
				CLANG_WARN_CONSTANT_CONVERSION = YES;
				CLANG_WARN_DEPRECATED_OBJC_IMPLEMENTATIONS = YES;
				CLANG_WARN_DIRECT_OBJC_ISA_USAGE = YES_ERROR;
				CLANG_WARN_DOCUMENTATION_COMMENTS = YES;
				CLANG_WARN_EMPTY_BODY = YES;
				CLANG_WARN_ENUM_CONVERSION = YES;
				CLANG_WARN_INFINITE_RECURSION = YES;
				CLANG_WARN_INT_CONVERSION = YES;
				CLANG_WARN_NON_LITERAL_NULL_CONVERSION = YES;
				CLANG_WARN_OBJC_IMPLICIT_RETAIN_SELF = YES;
				CLANG_WARN_OBJC_LITERAL_CONVERSION = YES;
				CLANG_WARN_OBJC_ROOT_CLASS = YES_ERROR;
				CLANG_WARN_QUOTED_INCLUDE_IN_FRAMEWORK_HEADER = YES;
				CLANG_WARN_RANGE_LOOP_ANALYSIS = YES;
				CLANG_WARN_STRICT_PROTOTYPES = YES;
				CLANG_WARN_SUSPICIOUS_MOVE = YES;
				CLANG_WARN_UNGUARDED_AVAILABILITY = YES_AGGRESSIVE;
				CLANG_WARN_UNREACHABLE_CODE = YES;
				CLANG_WARN__DUPLICATE_METHOD_MATCH = YES;
				COPY_PHASE_STRIP = NO;
				DEBUG_INFORMATION_FORMAT = "dwarf-with-dsym";
				ENABLE_NS_ASSERTIONS = NO;
				ENABLE_STRICT_OBJC_MSGSEND = YES;
				ENABLE_USER_SCRIPT_SANDBOXING = YES;
				GCC_C_LANGUAGE_STANDARD = gnu17;
				GCC_NO_COMMON_BLOCKS = YES;
				GCC_WARN_64_TO_32_BIT_CONVERSION = YES;
				GCC_WARN_ABOUT_RETURN_TYPE = YES_ERROR;
				GCC_WARN_UNDECLARED_SELECTOR = YES;
				GCC_WARN_UNINITIALIZED_AUTOS = YES_AGGRESSIVE;
				GCC_WARN_UNUSED_FUNCTION = YES;
				GCC_WARN_UNUSED_VARIABLE = YES;
				IPHONEOS_DEPLOYMENT_TARGET = 18.5;
				LOCALIZATION_PREFERS_STRING_CATALOGS = YES;
				MTL_ENABLE_DEBUG_INFO = NO;
				MTL_FAST_MATH = YES;
				SDKROOT = iphoneos;
				SWIFT_COMPILATION_MODE = wholemodule;
				VALIDATE_PRODUCT = YES;
			};
			name = Release;
		};
		021273032E709C0D003A6B2F /* Debug */ = {
			isa = XCBuildConfiguration;
			buildSettings = {
				ASSETCATALOG_COMPILER_APPICON_NAME = AppIcon;
				ASSETCATALOG_COMPILER_GLOBAL_ACCENT_COLOR_NAME = AccentColor;
				CODE_SIGN_STYLE = Automatic;
				CURRENT_PROJECT_VERSION = 1;
				DEVELOPMENT_TEAM = C2MPQAZ548;
				ENABLE_PREVIEWS = YES;
				GENERATE_INFOPLIST_FILE = YES;
				INFOPLIST_KEY_UIApplicationSceneManifest_Generation = YES;
				INFOPLIST_KEY_UIApplicationSupportsIndirectInputEvents = YES;
				INFOPLIST_KEY_UILaunchScreen_Generation = YES;
				INFOPLIST_KEY_UISupportedInterfaceOrientations_iPad = "UIInterfaceOrientationPortrait UIInterfaceOrientationPortraitUpsideDown UIInterfaceOrientationLandscapeLeft UIInterfaceOrientationLandscapeRight";
				INFOPLIST_KEY_UISupportedInterfaceOrientations_iPhone = "UIInterfaceOrientationPortrait UIInterfaceOrientationLandscapeLeft UIInterfaceOrientationLandscapeRight";
				LD_RUNPATH_SEARCH_PATHS = (
					"$(inherited)",
					"@executable_path/Frameworks",
				);
				MARKETING_VERSION = 1.0;
				PRODUCT_BUNDLE_IDENTIFIER = "com.pongle-hub.meal-planner-ios";
				PRODUCT_NAME = "$(TARGET_NAME)";
				SUPPORTED_PLATFORMS = "iphoneos iphonesimulator";
				SUPPORTS_MACCATALYST = NO;
				SUPPORTS_MAC_DESIGNED_FOR_IPHONE_IPAD = NO;
				SUPPORTS_XR_DESIGNED_FOR_IPHONE_IPAD = NO;
				SWIFT_EMIT_LOC_STRINGS = YES;
				SWIFT_VERSION = 5.0;
				TARGETED_DEVICE_FAMILY = 1;
			};
			name = Debug;
		};
		021273042E709C0D003A6B2F /* Release */ = {
			isa = XCBuildConfiguration;
			buildSettings = {
				ASSETCATALOG_COMPILER_APPICON_NAME = AppIcon;
				ASSETCATALOG_COMPILER_GLOBAL_ACCENT_COLOR_NAME = AccentColor;
				CODE_SIGN_STYLE = Automatic;
				CURRENT_PROJECT_VERSION = 1;
				DEVELOPMENT_TEAM = C2MPQAZ548;
				ENABLE_PREVIEWS = YES;
				GENERATE_INFOPLIST_FILE = YES;
				INFOPLIST_KEY_UIApplicationSceneManifest_Generation = YES;
				INFOPLIST_KEY_UIApplicationSupportsIndirectInputEvents = YES;
				INFOPLIST_KEY_UILaunchScreen_Generation = YES;
				INFOPLIST_KEY_UISupportedInterfaceOrientations_iPad = "UIInterfaceOrientationPortrait UIInterfaceOrientationPortraitUpsideDown UIInterfaceOrientationLandscapeLeft UIInterfaceOrientationLandscapeRight";
				INFOPLIST_KEY_UISupportedInterfaceOrientations_iPhone = "UIInterfaceOrientationPortrait UIInterfaceOrientationLandscapeLeft UIInterfaceOrientationLandscapeRight";
				LD_RUNPATH_SEARCH_PATHS = (
					"$(inherited)",
					"@executable_path/Frameworks",
				);
				MARKETING_VERSION = 1.0;
				PRODUCT_BUNDLE_IDENTIFIER = "com.pongle-hub.meal-planner-ios";
				PRODUCT_NAME = "$(TARGET_NAME)";
				SUPPORTED_PLATFORMS = "iphoneos iphonesimulator";
				SUPPORTS_MACCATALYST = NO;
				SUPPORTS_MAC_DESIGNED_FOR_IPHONE_IPAD = NO;
				SUPPORTS_XR_DESIGNED_FOR_IPHONE_IPAD = NO;
				SWIFT_EMIT_LOC_STRINGS = YES;
				SWIFT_VERSION = 5.0;
				TARGETED_DEVICE_FAMILY = 1;
			};
			name = Release;
		};
		021273062E709C0D003A6B2F /* Debug */ = {
			isa = XCBuildConfiguration;
			buildSettings = {
				BUNDLE_LOADER = "$(TEST_HOST)";
				CODE_SIGN_STYLE = Automatic;
				CURRENT_PROJECT_VERSION = 1;
				GENERATE_INFOPLIST_FILE = YES;
				IPHONEOS_DEPLOYMENT_TARGET = 18.5;
				MARKETING_VERSION = 1.0;
				PRODUCT_BUNDLE_IDENTIFIER = "com.pongle-hub.meal-planner-iosTests";
				PRODUCT_NAME = "$(TARGET_NAME)";
				SWIFT_EMIT_LOC_STRINGS = NO;
				SWIFT_VERSION = 5.0;
				TARGETED_DEVICE_FAMILY = "1,2";
				TEST_HOST = "$(BUILT_PRODUCTS_DIR)/meal-planner-ios.app/$(BUNDLE_EXECUTABLE_FOLDER_PATH)/meal-planner-ios";
			};
			name = Debug;
		};
		021273072E709C0D003A6B2F /* Release */ = {
			isa = XCBuildConfiguration;
			buildSettings = {
				BUNDLE_LOADER = "$(TEST_HOST)";
				CODE_SIGN_STYLE = Automatic;
				CURRENT_PROJECT_VERSION = 1;
				GENERATE_INFOPLIST_FILE = YES;
				IPHONEOS_DEPLOYMENT_TARGET = 18.5;
				MARKETING_VERSION = 1.0;
				PRODUCT_BUNDLE_IDENTIFIER = "com.pongle-hub.meal-planner-iosTests";
				PRODUCT_NAME = "$(TARGET_NAME)";
				SWIFT_EMIT_LOC_STRINGS = NO;
				SWIFT_VERSION = 5.0;
				TARGETED_DEVICE_FAMILY = "1,2";
				TEST_HOST = "$(BUILT_PRODUCTS_DIR)/meal-planner-ios.app/$(BUNDLE_EXECUTABLE_FOLDER_PATH)/meal-planner-ios";
			};
			name = Release;
		};
		021273092E709C0D003A6B2F /* Debug */ = {
			isa = XCBuildConfiguration;
			buildSettings = {
				CODE_SIGN_STYLE = Automatic;
				CURRENT_PROJECT_VERSION = 1;
				GENERATE_INFOPLIST_FILE = YES;
				MARKETING_VERSION = 1.0;
				PRODUCT_BUNDLE_IDENTIFIER = "com.pongle-hub.meal-planner-iosUITests";
				PRODUCT_NAME = "$(TARGET_NAME)";
				SWIFT_EMIT_LOC_STRINGS = NO;
				SWIFT_VERSION = 5.0;
				TARGETED_DEVICE_FAMILY = "1,2";
				TEST_TARGET_NAME = "meal-planner-ios";
			};
			name = Debug;
		};
		0212730A2E709C0D003A6B2F /* Release */ = {
			isa = XCBuildConfiguration;
			buildSettings = {
				CODE_SIGN_STYLE = Automatic;
				CURRENT_PROJECT_VERSION = 1;
				GENERATE_INFOPLIST_FILE = YES;
				MARKETING_VERSION = 1.0;
				PRODUCT_BUNDLE_IDENTIFIER = "com.pongle-hub.meal-planner-iosUITests";
				PRODUCT_NAME = "$(TARGET_NAME)";
				SWIFT_EMIT_LOC_STRINGS = NO;
				SWIFT_VERSION = 5.0;
				TARGETED_DEVICE_FAMILY = "1,2";
				TEST_TARGET_NAME = "meal-planner-ios";
			};
			name = Release;
		};
/* End XCBuildConfiguration section */

/* Begin XCConfigurationList section */
		021272DA2E709C0D003A6B2F /* Build configuration list for PBXProject "meal-planner-ios" */ = {
			isa = XCConfigurationList;
			buildConfigurations = (
				021273002E709C0D003A6B2F /* Debug */,
				021273012E709C0D003A6B2F /* Release */,
			);
			defaultConfigurationIsVisible = 0;
			defaultConfigurationName = Release;
		};
		021273022E709C0D003A6B2F /* Build configuration list for PBXNativeTarget "meal-planner-ios" */ = {
			isa = XCConfigurationList;
			buildConfigurations = (
				021273032E709C0D003A6B2F /* Debug */,
				021273042E709C0D003A6B2F /* Release */,
			);
			defaultConfigurationIsVisible = 0;
			defaultConfigurationName = Release;
		};
		021273052E709C0D003A6B2F /* Build configuration list for PBXNativeTarget "meal-planner-iosTests" */ = {
			isa = XCConfigurationList;
			buildConfigurations = (
				021273062E709C0D003A6B2F /* Debug */,
				021273072E709C0D003A6B2F /* Release */,
			);
			defaultConfigurationIsVisible = 0;
			defaultConfigurationName = Release;
		};
		021273082E709C0D003A6B2F /* Build configuration list for PBXNativeTarget "meal-planner-iosUITests" */ = {
			isa = XCConfigurationList;
			buildConfigurations = (
				021273092E709C0D003A6B2F /* Debug */,
				0212730A2E709C0D003A6B2F /* Release */,
			);
			defaultConfigurationIsVisible = 0;
			defaultConfigurationName = Release;
		};
/* End XCConfigurationList section */
	};
	rootObject = 021272D72E709C0D003A6B2F /* Project object */;
}
